// !$*UTF8*$!
{
	archiveVersion = 1;
	classes = {
	};
	objectVersion = 56;
	objects = {

/* Begin PBXBuildFile section */
		34520A4B2BDD1A9D0090A411 /* AppDelegate.swift in Sources */ = {isa = PBXBuildFile; fileRef = 34520A4A2BDD1A9D0090A411 /* AppDelegate.swift */; };
		34520A4D2BDD1A9E0090A411 /* Assets.xcassets in Resources */ = {isa = PBXBuildFile; fileRef = 34520A4C2BDD1A9E0090A411 /* Assets.xcassets */; };
		34520A502BDD1A9E0090A411 /* Base in Resources */ = {isa = PBXBuildFile; fileRef = 34520A4F2BDD1A9E0090A411 /* Base */; };
		34520A5B2BDE6C5A0090A411 /* CustomHoverView.swift in Sources */ = {isa = PBXBuildFile; fileRef = 34520A5A2BDE6C5A0090A411 /* CustomHoverView.swift */; };
		34520A602BDE72180090A411 /* BezierPathExtension.swift in Sources */ = {isa = PBXBuildFile; fileRef = 34520A5C2BDE72180090A411 /* BezierPathExtension.swift */; };
		34520A612BDE72180090A411 /* NiceHoverView.swift in Sources */ = {isa = PBXBuildFile; fileRef = 34520A5D2BDE72180090A411 /* NiceHoverView.swift */; };
/* End PBXBuildFile section */

/* Begin PBXFileReference section */
		34520A472BDD1A9D0090A411 /* NiceHoverViewExample.app */ = {isa = PBXFileReference; explicitFileType = wrapper.application; includeInIndex = 0; path = NiceHoverViewExample.app; sourceTree = BUILT_PRODUCTS_DIR; };
		34520A4A2BDD1A9D0090A411 /* AppDelegate.swift */ = {isa = PBXFileReference; lastKnownFileType = sourcecode.swift; path = AppDelegate.swift; sourceTree = "<group>"; };
		34520A4C2BDD1A9E0090A411 /* Assets.xcassets */ = {isa = PBXFileReference; lastKnownFileType = folder.assetcatalog; path = Assets.xcassets; sourceTree = "<group>"; };
		34520A4F2BDD1A9E0090A411 /* Base */ = {isa = PBXFileReference; lastKnownFileType = file.xib; name = Base; path = Base.lproj/MainMenu.xib; sourceTree = "<group>"; };
		34520A512BDD1A9E0090A411 /* NiceHoverViewExample.entitlements */ = {isa = PBXFileReference; lastKnownFileType = text.plist.entitlements; path = NiceHoverViewExample.entitlements; sourceTree = "<group>"; };
		34520A5A2BDE6C5A0090A411 /* CustomHoverView.swift */ = {isa = PBXFileReference; lastKnownFileType = sourcecode.swift; path = CustomHoverView.swift; sourceTree = "<group>"; };
		34520A5C2BDE72180090A411 /* BezierPathExtension.swift */ = {isa = PBXFileReference; fileEncoding = 4; lastKnownFileType = sourcecode.swift; path = BezierPathExtension.swift; sourceTree = "<group>"; };
		34520A5D2BDE72180090A411 /* NiceHoverView.swift */ = {isa = PBXFileReference; fileEncoding = 4; lastKnownFileType = sourcecode.swift; path = NiceHoverView.swift; sourceTree = "<group>"; };
/* End PBXFileReference section */

/* Begin PBXFrameworksBuildPhase section */
		34520A442BDD1A9D0090A411 /* Frameworks */ = {
			isa = PBXFrameworksBuildPhase;
			buildActionMask = 2147483647;
			files = (
			);
			runOnlyForDeploymentPostprocessing = 0;
		};
/* End PBXFrameworksBuildPhase section */

/* Begin PBXGroup section */
		34520A3E2BDD1A9D0090A411 = {
			isa = PBXGroup;
			children = (
				34520A492BDD1A9D0090A411 /* NiceHoverViewExample */,
				34520A482BDD1A9D0090A411 /* Products */,
			);
			sourceTree = "<group>";
		};
		34520A482BDD1A9D0090A411 /* Products */ = {
			isa = PBXGroup;
			children = (
				34520A472BDD1A9D0090A411 /* NiceHoverViewExample.app */,
			);
			name = Products;
			sourceTree = "<group>";
		};
		34520A492BDD1A9D0090A411 /* NiceHoverViewExample */ = {
			isa = PBXGroup;
			children = (
				34520A5F2BDE72180090A411 /* Sources */,
				34520A4A2BDD1A9D0090A411 /* AppDelegate.swift */,
				34520A5A2BDE6C5A0090A411 /* CustomHoverView.swift */,
				34520A4C2BDD1A9E0090A411 /* Assets.xcassets */,
				34520A4E2BDD1A9E0090A411 /* MainMenu.xib */,
				34520A512BDD1A9E0090A411 /* NiceHoverViewExample.entitlements */,
			);
			path = NiceHoverViewExample;
			sourceTree = "<group>";
		};
		34520A5E2BDE72180090A411 /* NiceHoverView */ = {
			isa = PBXGroup;
			children = (
				34520A5C2BDE72180090A411 /* BezierPathExtension.swift */,
				34520A5D2BDE72180090A411 /* NiceHoverView.swift */,
			);
			path = NiceHoverView;
			sourceTree = "<group>";
		};
		34520A5F2BDE72180090A411 /* Sources */ = {
			isa = PBXGroup;
			children = (
				34520A5E2BDE72180090A411 /* NiceHoverView */,
			);
			path = Sources;
			sourceTree = SOURCE_ROOT;
		};
/* End PBXGroup section */

/* Begin PBXNativeTarget section */
		34520A462BDD1A9D0090A411 /* NiceHoverViewExample */ = {
			isa = PBXNativeTarget;
			buildConfigurationList = 34520A542BDD1A9E0090A411 /* Build configuration list for PBXNativeTarget "NiceHoverViewExample" */;
			buildPhases = (
				34520A432BDD1A9D0090A411 /* Sources */,
				34520A442BDD1A9D0090A411 /* Frameworks */,
				34520A452BDD1A9D0090A411 /* Resources */,
			);
			buildRules = (
			);
			dependencies = (
			);
			name = NiceHoverViewExample;
			packageProductDependencies = (
			);
			productName = NiceHoverViewExample;
			productReference = 34520A472BDD1A9D0090A411 /* NiceHoverViewExample.app */;
			productType = "com.apple.product-type.application";
		};
/* End PBXNativeTarget section */

/* Begin PBXProject section */
		34520A3F2BDD1A9D0090A411 /* Project object */ = {
			isa = PBXProject;
			attributes = {
				BuildIndependentTargetsInParallel = 1;
				LastSwiftUpdateCheck = 1530;
				LastUpgradeCheck = 1530;
				TargetAttributes = {
					34520A462BDD1A9D0090A411 = {
						CreatedOnToolsVersion = 15.3;
					};
				};
			};
			buildConfigurationList = 34520A422BDD1A9D0090A411 /* Build configuration list for PBXProject "NiceHoverViewExample" */;
			compatibilityVersion = "Xcode 14.0";
			developmentRegion = en;
			hasScannedForEncodings = 0;
			knownRegions = (
				en,
				Base,
			);
			mainGroup = 34520A3E2BDD1A9D0090A411;
			packageReferences = (
			);
			productRefGroup = 34520A482BDD1A9D0090A411 /* Products */;
			projectDirPath = "";
			projectRoot = "";
			targets = (
				34520A462BDD1A9D0090A411 /* NiceHoverViewExample */,
			);
		};
/* End PBXProject section */

/* Begin PBXResourcesBuildPhase section */
		34520A452BDD1A9D0090A411 /* Resources */ = {
			isa = PBXResourcesBuildPhase;
			buildActionMask = 2147483647;
			files = (
				34520A4D2BDD1A9E0090A411 /* Assets.xcassets in Resources */,
				34520A502BDD1A9E0090A411 /* Base in Resources */,
			);
			runOnlyForDeploymentPostprocessing = 0;
		};
/* End PBXResourcesBuildPhase section */

/* Begin PBXSourcesBuildPhase section */
		34520A432BDD1A9D0090A411 /* Sources */ = {
			isa = PBXSourcesBuildPhase;
			buildActionMask = 2147483647;
			files = (
				34520A612BDE72180090A411 /* NiceHoverView.swift in Sources */,
				34520A5B2BDE6C5A0090A411 /* CustomHoverView.swift in Sources */,
				34520A4B2BDD1A9D0090A411 /* AppDelegate.swift in Sources */,
				34520A602BDE72180090A411 /* BezierPathExtension.swift in Sources */,
			);
			runOnlyForDeploymentPostprocessing = 0;
		};
/* End PBXSourcesBuildPhase section */

/* Begin PBXVariantGroup section */
		34520A4E2BDD1A9E0090A411 /* MainMenu.xib */ = {
			isa = PBXVariantGroup;
			children = (
				34520A4F2BDD1A9E0090A411 /* Base */,
			);
			name = MainMenu.xib;
			sourceTree = "<group>";
		};
/* End PBXVariantGroup section */

/* Begin XCBuildConfiguration section */
		34520A522BDD1A9E0090A411 /* Debug */ = {
			isa = XCBuildConfiguration;
			buildSettings = {
				ALWAYS_SEARCH_USER_PATHS = NO;
				ASSETCATALOG_COMPILER_GENERATE_SWIFT_ASSET_SYMBOL_EXTENSIONS = YES;
				CLANG_ANALYZER_NONNULL = YES;
				CLANG_ANALYZER_NUMBER_OBJECT_CONVERSION = YES_AGGRESSIVE;
				CLANG_CXX_LANGUAGE_STANDARD = "gnu++20";
				CLANG_ENABLE_MODULES = YES;
				CLANG_ENABLE_OBJC_ARC = YES;
				CLANG_ENABLE_OBJC_WEAK = YES;
				CLANG_WARN_BLOCK_CAPTURE_AUTORELEASING = YES;
				CLANG_WARN_BOOL_CONVERSION = YES;
				CLANG_WARN_COMMA = YES;
				CLANG_WARN_CONSTANT_CONVERSION = YES;
				CLANG_WARN_DEPRECATED_OBJC_IMPLEMENTATIONS = YES;
				CLANG_WARN_DIRECT_OBJC_ISA_USAGE = YES_ERROR;
				CLANG_WARN_DOCUMENTATION_COMMENTS = YES;
				CLANG_WARN_EMPTY_BODY = YES;
				CLANG_WARN_ENUM_CONVERSION = YES;
				CLANG_WARN_INFINITE_RECURSION = YES;
				CLANG_WARN_INT_CONVERSION = YES;
				CLANG_WARN_NON_LITERAL_NULL_CONVERSION = YES;
				CLANG_WARN_OBJC_IMPLICIT_RETAIN_SELF = YES;
				CLANG_WARN_OBJC_LITERAL_CONVERSION = YES;
				CLANG_WARN_OBJC_ROOT_CLASS = YES_ERROR;
				CLANG_WARN_QUOTED_INCLUDE_IN_FRAMEWORK_HEADER = YES;
				CLANG_WARN_RANGE_LOOP_ANALYSIS = YES;
				CLANG_WARN_STRICT_PROTOTYPES = YES;
				CLANG_WARN_SUSPICIOUS_MOVE = YES;
				CLANG_WARN_UNGUARDED_AVAILABILITY = YES_AGGRESSIVE;
				CLANG_WARN_UNREACHABLE_CODE = YES;
				CLANG_WARN__DUPLICATE_METHOD_MATCH = YES;
				COPY_PHASE_STRIP = NO;
				DEBUG_INFORMATION_FORMAT = dwarf;
				ENABLE_STRICT_OBJC_MSGSEND = YES;
				ENABLE_TESTABILITY = YES;
				ENABLE_USER_SCRIPT_SANDBOXING = YES;
				GCC_C_LANGUAGE_STANDARD = gnu17;
				GCC_DYNAMIC_NO_PIC = NO;
				GCC_NO_COMMON_BLOCKS = YES;
				GCC_OPTIMIZATION_LEVEL = 0;
				GCC_PREPROCESSOR_DEFINITIONS = (
					"DEBUG=1",
					"$(inherited)",
				);
				GCC_WARN_64_TO_32_BIT_CONVERSION = YES;
				GCC_WARN_ABOUT_RETURN_TYPE = YES_ERROR;
				GCC_WARN_UNDECLARED_SELECTOR = YES;
				GCC_WARN_UNINITIALIZED_AUTOS = YES_AGGRESSIVE;
				GCC_WARN_UNUSED_FUNCTION = YES;
				GCC_WARN_UNUSED_VARIABLE = YES;
				LOCALIZATION_PREFERS_STRING_CATALOGS = YES;
				MACOSX_DEPLOYMENT_TARGET = 14.4;
				MTL_ENABLE_DEBUG_INFO = INCLUDE_SOURCE;
				MTL_FAST_MATH = YES;
				ONLY_ACTIVE_ARCH = YES;
				SDKROOT = macosx;
				SWIFT_ACTIVE_COMPILATION_CONDITIONS = "DEBUG $(inherited)";
				SWIFT_OPTIMIZATION_LEVEL = "-Onone";
			};
			name = Debug;
		};
		34520A532BDD1A9E0090A411 /* Release */ = {
			isa = XCBuildConfiguration;
			buildSettings = {
				ALWAYS_SEARCH_USER_PATHS = NO;
				ASSETCATALOG_COMPILER_GENERATE_SWIFT_ASSET_SYMBOL_EXTENSIONS = YES;
				CLANG_ANALYZER_NONNULL = YES;
				CLANG_ANALYZER_NUMBER_OBJECT_CONVERSION = YES_AGGRESSIVE;
				CLANG_CXX_LANGUAGE_STANDARD = "gnu++20";
				CLANG_ENABLE_MODULES = YES;
				CLANG_ENABLE_OBJC_ARC = YES;
				CLANG_ENABLE_OBJC_WEAK = YES;
				CLANG_WARN_BLOCK_CAPTURE_AUTORELEASING = YES;
				CLANG_WARN_BOOL_CONVERSION = YES;
				CLANG_WARN_COMMA = YES;
				CLANG_WARN_CONSTANT_CONVERSION = YES;
				CLANG_WARN_DEPRECATED_OBJC_IMPLEMENTATIONS = YES;
				CLANG_WARN_DIRECT_OBJC_ISA_USAGE = YES_ERROR;
				CLANG_WARN_DOCUMENTATION_COMMENTS = YES;
				CLANG_WARN_EMPTY_BODY = YES;
				CLANG_WARN_ENUM_CONVERSION = YES;
				CLANG_WARN_INFINITE_RECURSION = YES;
				CLANG_WARN_INT_CONVERSION = YES;
				CLANG_WARN_NON_LITERAL_NULL_CONVERSION = YES;
				CLANG_WARN_OBJC_IMPLICIT_RETAIN_SELF = YES;
				CLANG_WARN_OBJC_LITERAL_CONVERSION = YES;
				CLANG_WARN_OBJC_ROOT_CLASS = YES_ERROR;
				CLANG_WARN_QUOTED_INCLUDE_IN_FRAMEWORK_HEADER = YES;
				CLANG_WARN_RANGE_LOOP_ANALYSIS = YES;
				CLANG_WARN_STRICT_PROTOTYPES = YES;
				CLANG_WARN_SUSPICIOUS_MOVE = YES;
				CLANG_WARN_UNGUARDED_AVAILABILITY = YES_AGGRESSIVE;
				CLANG_WARN_UNREACHABLE_CODE = YES;
				CLANG_WARN__DUPLICATE_METHOD_MATCH = YES;
				COPY_PHASE_STRIP = NO;
				DEBUG_INFORMATION_FORMAT = "dwarf-with-dsym";
				ENABLE_NS_ASSERTIONS = NO;
				ENABLE_STRICT_OBJC_MSGSEND = YES;
				ENABLE_USER_SCRIPT_SANDBOXING = YES;
				GCC_C_LANGUAGE_STANDARD = gnu17;
				GCC_NO_COMMON_BLOCKS = YES;
				GCC_WARN_64_TO_32_BIT_CONVERSION = YES;
				GCC_WARN_ABOUT_RETURN_TYPE = YES_ERROR;
				GCC_WARN_UNDECLARED_SELECTOR = YES;
				GCC_WARN_UNINITIALIZED_AUTOS = YES_AGGRESSIVE;
				GCC_WARN_UNUSED_FUNCTION = YES;
				GCC_WARN_UNUSED_VARIABLE = YES;
				LOCALIZATION_PREFERS_STRING_CATALOGS = YES;
				MACOSX_DEPLOYMENT_TARGET = 14.4;
				MTL_ENABLE_DEBUG_INFO = NO;
				MTL_FAST_MATH = YES;
				SDKROOT = macosx;
				SWIFT_COMPILATION_MODE = wholemodule;
			};
			name = Release;
		};
		34520A552BDD1A9E0090A411 /* Debug */ = {
			isa = XCBuildConfiguration;
			buildSettings = {
				ASSETCATALOG_COMPILER_APPICON_NAME = AppIcon;
				ASSETCATALOG_COMPILER_GLOBAL_ACCENT_COLOR_NAME = AccentColor;
				CODE_SIGN_ENTITLEMENTS = NiceHoverViewExample/NiceHoverViewExample.entitlements;
				"CODE_SIGN_IDENTITY[sdk=macosx*]" = "-";
				CODE_SIGN_STYLE = Automatic;
				COMBINE_HIDPI_IMAGES = YES;
				CURRENT_PROJECT_VERSION = 1;
				DEVELOPMENT_TEAM = NT9VR9C9HY;
				ENABLE_HARDENED_RUNTIME = YES;
				GENERATE_INFOPLIST_FILE = YES;
				INFOPLIST_KEY_NSHumanReadableCopyright = "";
				INFOPLIST_KEY_NSMainNibFile = MainMenu;
				INFOPLIST_KEY_NSPrincipalClass = NSApplication;
				LD_RUNPATH_SEARCH_PATHS = (
					"$(inherited)",
					"@executable_path/../Frameworks",
				);
				MACOSX_DEPLOYMENT_TARGET = 13.0;
				MARKETING_VERSION = 1.0;
				PRODUCT_BUNDLE_IDENTIFIER = com.ws.nicehoverviewexample.NiceHoverViewExample;
				PRODUCT_NAME = "$(TARGET_NAME)";
				SWIFT_EMIT_LOC_STRINGS = YES;
				SWIFT_VERSION = 5.0;
			};
			name = Debug;
		};
		34520A562BDD1A9E0090A411 /* Release */ = {
			isa = XCBuildConfiguration;
			buildSettings = {
				ASSETCATALOG_COMPILER_APPICON_NAME = AppIcon;
				ASSETCATALOG_COMPILER_GLOBAL_ACCENT_COLOR_NAME = AccentColor;
				CODE_SIGN_ENTITLEMENTS = NiceHoverViewExample/NiceHoverViewExample.entitlements;
				"CODE_SIGN_IDENTITY[sdk=macosx*]" = "-";
				CODE_SIGN_STYLE = Automatic;
				COMBINE_HIDPI_IMAGES = YES;
				CURRENT_PROJECT_VERSION = 1;
				DEVELOPMENT_TEAM = NT9VR9C9HY;
				ENABLE_HARDENED_RUNTIME = YES;
				GENERATE_INFOPLIST_FILE = YES;
				INFOPLIST_KEY_NSHumanReadableCopyright = "";
				INFOPLIST_KEY_NSMainNibFile = MainMenu;
				INFOPLIST_KEY_NSPrincipalClass = NSApplication;
				LD_RUNPATH_SEARCH_PATHS = (
					"$(inherited)",
					"@executable_path/../Frameworks",
				);
				MACOSX_DEPLOYMENT_TARGET = 13.0;
				MARKETING_VERSION = 1.0;
				PRODUCT_BUNDLE_IDENTIFIER = com.ws.nicehoverviewexample.NiceHoverViewExample;
				PRODUCT_NAME = "$(TARGET_NAME)";
				SWIFT_EMIT_LOC_STRINGS = YES;
				SWIFT_VERSION = 5.0;
			};
			name = Release;
		};
/* End XCBuildConfiguration section */

/* Begin XCConfigurationList section */
		34520A422BDD1A9D0090A411 /* Build configuration list for PBXProject "NiceHoverViewExample" */ = {
			isa = XCConfigurationList;
			buildConfigurations = (
				34520A522BDD1A9E0090A411 /* Debug */,
				34520A532BDD1A9E0090A411 /* Release */,
			);
			defaultConfigurationIsVisible = 0;
			defaultConfigurationName = Release;
		};
		34520A542BDD1A9E0090A411 /* Build configuration list for PBXNativeTarget "NiceHoverViewExample" */ = {
			isa = XCConfigurationList;
			buildConfigurations = (
				34520A552BDD1A9E0090A411 /* Debug */,
				34520A562BDD1A9E0090A411 /* Release */,
			);
			defaultConfigurationIsVisible = 0;
			defaultConfigurationName = Release;
		};
/* End XCConfigurationList section */
	};
	rootObject = 34520A3F2BDD1A9D0090A411 /* Project object */;
}
